
Microsoft Visual Studio Solution File, Format Version 12.00
# Visual Studio Version 17
VisualStudioVersion = 17.7.34221.43
MinimumVisualStudioVersion = 10.0.40219.1
Project("{FAE04EC0-301F-11D3-BF4B-00C04F79EFBC}") = "ControleDeContatos", "ControleDeContatos\ControleDeContatos.csproj", "{BD793506-3DCE-405A-A068-2E13628D0B4B}"
EndProject
Global
	GlobalSection(SolutionConfigurationPlatforms) = preSolution
		Debug|Any CPU = Debug|Any CPU
		Release|Any CPU = Release|Any CPU
	EndGlobalSection
	GlobalSection(ProjectConfigurationPlatforms) = postSolution
		{BD793506-3DCE-405A-A068-2E13628D0B4B}.Debug|Any CPU.ActiveCfg = Debug|Any CPU
		{BD793506-3DCE-405A-A068-2E13628D0B4B}.Debug|Any CPU.Build.0 = Debug|Any CPU
		{BD793506-3DCE-405A-A068-2E13628D0B4B}.Release|Any CPU.ActiveCfg = Release|Any CPU
		{BD793506-3DCE-405A-A068-2E13628D0B4B}.Release|Any CPU.Build.0 = Release|Any CPU
	EndGlobalSection
	GlobalSection(SolutionProperties) = preSolution
		HideSolutionNode = FALSE
	EndGlobalSection
	GlobalSection(ExtensibilityGlobals) = postSolution
		SolutionGuid = {C50663BC-B8C0-4EDE-BE08-9B08C4C88961}
	EndGlobalSection
EndGlobal
